// !$*UTF8*$!
{
	archiveVersion = 1;
	classes = {
	};
	objectVersion = 55;
	objects = {

/* Begin PBXBuildFile section */
		048880A8273522DC0000F1A5 /* AppDelegate.swift in Sources */ = {isa = PBXBuildFile; fileRef = 048880A7273522DC0000F1A5 /* AppDelegate.swift */; };
		048880AA273522DC0000F1A5 /* SceneDelegate.swift in Sources */ = {isa = PBXBuildFile; fileRef = 048880A9273522DC0000F1A5 /* SceneDelegate.swift */; };
		048880AC273522DC0000F1A5 /* ViewController.swift in Sources */ = {isa = PBXBuildFile; fileRef = 048880AB273522DC0000F1A5 /* ViewController.swift */; };
		048880AF273522DC0000F1A5 /* Main.storyboard in Resources */ = {isa = PBXBuildFile; fileRef = 048880AD273522DC0000F1A5 /* Main.storyboard */; };
		048880B1273522DF0000F1A5 /* Assets.xcassets in Resources */ = {isa = PBXBuildFile; fileRef = 048880B0273522DF0000F1A5 /* Assets.xcassets */; };
		048880B4273522DF0000F1A5 /* LaunchScreen.storyboard in Resources */ = {isa = PBXBuildFile; fileRef = 048880B2273522DF0000F1A5 /* LaunchScreen.storyboard */; };
		04AFD50F2739F38800EC7B65 /* DataLoader.swift in Sources */ = {isa = PBXBuildFile; fileRef = 04AFD50E2739F38800EC7B65 /* DataLoader.swift */; };
		04BEB82C2735EE5F0077F29F /* DailyForecastCell.swift in Sources */ = {isa = PBXBuildFile; fileRef = 04BEB82B2735EE5F0077F29F /* DailyForecastCell.swift */; };
		04BEB82E2736149F0077F29F /* ResultItems.swift in Sources */ = {isa = PBXBuildFile; fileRef = 04BEB82D2736149F0077F29F /* ResultItems.swift */; };
/* End PBXBuildFile section */

/* Begin PBXFileReference section */
		048880A4273522DC0000F1A5 /* Weather App.app */ = {isa = PBXFileReference; explicitFileType = wrapper.application; includeInIndex = 0; path = "Weather App.app"; sourceTree = BUILT_PRODUCTS_DIR; };
		048880A7273522DC0000F1A5 /* AppDelegate.swift */ = {isa = PBXFileReference; lastKnownFileType = sourcecode.swift; path = AppDelegate.swift; sourceTree = "<group>"; };
		048880A9273522DC0000F1A5 /* SceneDelegate.swift */ = {isa = PBXFileReference; lastKnownFileType = sourcecode.swift; path = SceneDelegate.swift; sourceTree = "<group>"; };
		048880AB273522DC0000F1A5 /* ViewController.swift */ = {isa = PBXFileReference; lastKnownFileType = sourcecode.swift; path = ViewController.swift; sourceTree = "<group>"; };
		048880AE273522DC0000F1A5 /* Base */ = {isa = PBXFileReference; lastKnownFileType = file.storyboard; name = Base; path = Base.lproj/Main.storyboard; sourceTree = "<group>"; };
		048880B0273522DF0000F1A5 /* Assets.xcassets */ = {isa = PBXFileReference; lastKnownFileType = folder.assetcatalog; path = Assets.xcassets; sourceTree = "<group>"; };
		048880B3273522DF0000F1A5 /* Base */ = {isa = PBXFileReference; lastKnownFileType = file.storyboard; name = Base; path = Base.lproj/LaunchScreen.storyboard; sourceTree = "<group>"; };
		048880B5273522DF0000F1A5 /* Info.plist */ = {isa = PBXFileReference; lastKnownFileType = text.plist.xml; path = Info.plist; sourceTree = "<group>"; };
		04AFD50E2739F38800EC7B65 /* DataLoader.swift */ = {isa = PBXFileReference; lastKnownFileType = sourcecode.swift; path = DataLoader.swift; sourceTree = "<group>"; };
		04BEB82B2735EE5F0077F29F /* DailyForecastCell.swift */ = {isa = PBXFileReference; lastKnownFileType = sourcecode.swift; path = DailyForecastCell.swift; sourceTree = "<group>"; };
		04BEB82D2736149F0077F29F /* ResultItems.swift */ = {isa = PBXFileReference; lastKnownFileType = sourcecode.swift; path = ResultItems.swift; sourceTree = "<group>"; };
/* End PBXFileReference section */

/* Begin PBXFrameworksBuildPhase section */
		048880A1273522DC0000F1A5 /* Frameworks */ = {
			isa = PBXFrameworksBuildPhase;
			buildActionMask = 2147483647;
			files = (
			);
			runOnlyForDeploymentPostprocessing = 0;
		};
/* End PBXFrameworksBuildPhase section */

/* Begin PBXGroup section */
		0488809B273522DB0000F1A5 = {
			isa = PBXGroup;
			children = (
				048880A6273522DC0000F1A5 /* Weather App */,
				048880A5273522DC0000F1A5 /* Products */,
			);
			sourceTree = "<group>";
		};
		048880A5273522DC0000F1A5 /* Products */ = {
			isa = PBXGroup;
			children = (
				048880A4273522DC0000F1A5 /* Weather App.app */,
			);
			name = Products;
			sourceTree = "<group>";
		};
		048880A6273522DC0000F1A5 /* Weather App */ = {
			isa = PBXGroup;
			children = (
				04B1F52027E2D2B000D5F117 /* App */,
				04B1F52127E2D2F400D5F117 /* Model */,
				04B1F52427E2D37D00D5F117 /* View */,
				04B1F52227E2D30200D5F117 /* Controller */,
				04B1F52327E2D36E00D5F117 /* Service */,
				04B1F52527E2D39D00D5F117 /* Resources */,
				048880B5273522DF0000F1A5 /* Info.plist */,
			);
			path = "Weather App";
			sourceTree = "<group>";
		};
		04B1F52027E2D2B000D5F117 /* App */ = {
			isa = PBXGroup;
			children = (
				048880A7273522DC0000F1A5 /* AppDelegate.swift */,
				048880A9273522DC0000F1A5 /* SceneDelegate.swift */,
			);
			path = App;
			sourceTree = "<group>";
		};
		04B1F52127E2D2F400D5F117 /* Model */ = {
			isa = PBXGroup;
			children = (
				04BEB82D2736149F0077F29F /* ResultItems.swift */,
			);
			path = Model;
			sourceTree = "<group>";
		};
		04B1F52227E2D30200D5F117 /* Controller */ = {
			isa = PBXGroup;
			children = (
				048880AB273522DC0000F1A5 /* ViewController.swift */,
			);
			path = Controller;
			sourceTree = "<group>";
		};
		04B1F52327E2D36E00D5F117 /* Service */ = {
			isa = PBXGroup;
			children = (
				04AFD50E2739F38800EC7B65 /* DataLoader.swift */,
			);
			path = Service;
			sourceTree = "<group>";
		};
		04B1F52427E2D37D00D5F117 /* View */ = {
			isa = PBXGroup;
			children = (
				04BEB82B2735EE5F0077F29F /* DailyForecastCell.swift */,
			);
			path = View;
			sourceTree = "<group>";
		};
		04B1F52527E2D39D00D5F117 /* Resources */ = {
			isa = PBXGroup;
			children = (
				048880AD273522DC0000F1A5 /* Main.storyboard */,
				048880B0273522DF0000F1A5 /* Assets.xcassets */,
				048880B2273522DF0000F1A5 /* LaunchScreen.storyboard */,
			);
			path = Resources;
			sourceTree = "<group>";
		};
/* End PBXGroup section */

/* Begin PBXNativeTarget section */
		048880A3273522DC0000F1A5 /* Weather App */ = {
			isa = PBXNativeTarget;
			buildConfigurationList = 048880B8273522DF0000F1A5 /* Build configuration list for PBXNativeTarget "Weather App" */;
			buildPhases = (
				048880A0273522DC0000F1A5 /* Sources */,
				048880A1273522DC0000F1A5 /* Frameworks */,
				048880A2273522DC0000F1A5 /* Resources */,
			);
			buildRules = (
			);
			dependencies = (
			);
			name = "Weather App";
			productName = "Weather App";
			productReference = 048880A4273522DC0000F1A5 /* Weather App.app */;
			productType = "com.apple.product-type.application";
		};
/* End PBXNativeTarget section */

/* Begin PBXProject section */
		0488809C273522DC0000F1A5 /* Project object */ = {
			isa = PBXProject;
			attributes = {
				BuildIndependentTargetsInParallel = 1;
				LastSwiftUpdateCheck = 1300;
				LastUpgradeCheck = 1300;
				TargetAttributes = {
					048880A3273522DC0000F1A5 = {
						CreatedOnToolsVersion = 13.0;
					};
				};
			};
			buildConfigurationList = 0488809F273522DC0000F1A5 /* Build configuration list for PBXProject "Weather App" */;
			compatibilityVersion = "Xcode 13.0";
			developmentRegion = en;
			hasScannedForEncodings = 0;
			knownRegions = (
				en,
				Base,
			);
			mainGroup = 0488809B273522DB0000F1A5;
			productRefGroup = 048880A5273522DC0000F1A5 /* Products */;
			projectDirPath = "";
			projectRoot = "";
			targets = (
				048880A3273522DC0000F1A5 /* Weather App */,
			);
		};
/* End PBXProject section */

/* Begin PBXResourcesBuildPhase section */
		048880A2273522DC0000F1A5 /* Resources */ = {
			isa = PBXResourcesBuildPhase;
			buildActionMask = 2147483647;
			files = (
				048880B4273522DF0000F1A5 /* LaunchScreen.storyboard in Resources */,
				048880B1273522DF0000F1A5 /* Assets.xcassets in Resources */,
				048880AF273522DC0000F1A5 /* Main.storyboard in Resources */,
			);
			runOnlyForDeploymentPostprocessing = 0;
		};
/* End PBXResourcesBuildPhase section */

/* Begin PBXSourcesBuildPhase section */
		048880A0273522DC0000F1A5 /* Sources */ = {
			isa = PBXSourcesBuildPhase;
			buildActionMask = 2147483647;
			files = (
				04BEB82C2735EE5F0077F29F /* DailyForecastCell.swift in Sources */,
				04BEB82E2736149F0077F29F /* ResultItems.swift in Sources */,
				04AFD50F2739F38800EC7B65 /* DataLoader.swift in Sources */,
				048880AC273522DC0000F1A5 /* ViewController.swift in Sources */,
				048880A8273522DC0000F1A5 /* AppDelegate.swift in Sources */,
				048880AA273522DC0000F1A5 /* SceneDelegate.swift in Sources */,
			);
			runOnlyForDeploymentPostprocessing = 0;
		};
/* End PBXSourcesBuildPhase section */

/* Begin PBXVariantGroup section */
		048880AD273522DC0000F1A5 /* Main.storyboard */ = {
			isa = PBXVariantGroup;
			children = (
				048880AE273522DC0000F1A5 /* Base */,
			);
			name = Main.storyboard;
			sourceTree = "<group>";
		};
		048880B2273522DF0000F1A5 /* LaunchScreen.storyboard */ = {
			isa = PBXVariantGroup;
			children = (
				048880B3273522DF0000F1A5 /* Base */,
			);
			name = LaunchScreen.storyboard;
			sourceTree = "<group>";
		};
/* End PBXVariantGroup section */

/* Begin XCBuildConfiguration section */
		048880B6273522DF0000F1A5 /* Debug */ = {
			isa = XCBuildConfiguration;
			buildSettings = {
				ALWAYS_SEARCH_USER_PATHS = NO;
				CLANG_ANALYZER_NONNULL = YES;
				CLANG_ANALYZER_NUMBER_OBJECT_CONVERSION = YES_AGGRESSIVE;
				CLANG_CXX_LANGUAGE_STANDARD = "gnu++17";
				CLANG_CXX_LIBRARY = "libc++";
				CLANG_ENABLE_MODULES = YES;
				CLANG_ENABLE_OBJC_ARC = YES;
				CLANG_ENABLE_OBJC_WEAK = YES;
				CLANG_WARN_BLOCK_CAPTURE_AUTORELEASING = YES;
				CLANG_WARN_BOOL_CONVERSION = YES;
				CLANG_WARN_COMMA = YES;
				CLANG_WARN_CONSTANT_CONVERSION = YES;
				CLANG_WARN_DEPRECATED_OBJC_IMPLEMENTATIONS = YES;
				CLANG_WARN_DIRECT_OBJC_ISA_USAGE = YES_ERROR;
				CLANG_WARN_DOCUMENTATION_COMMENTS = YES;
				CLANG_WARN_EMPTY_BODY = YES;
				CLANG_WARN_ENUM_CONVERSION = YES;
				CLANG_WARN_INFINITE_RECURSION = YES;
				CLANG_WARN_INT_CONVERSION = YES;
				CLANG_WARN_NON_LITERAL_NULL_CONVERSION = YES;
				CLANG_WARN_OBJC_IMPLICIT_RETAIN_SELF = YES;
				CLANG_WARN_OBJC_LITERAL_CONVERSION = YES;
				CLANG_WARN_OBJC_ROOT_CLASS = YES_ERROR;
				CLANG_WARN_QUOTED_INCLUDE_IN_FRAMEWORK_HEADER = YES;
				CLANG_WARN_RANGE_LOOP_ANALYSIS = YES;
				CLANG_WARN_STRICT_PROTOTYPES = YES;
				CLANG_WARN_SUSPICIOUS_MOVE = YES;
				CLANG_WARN_UNGUARDED_AVAILABILITY = YES_AGGRESSIVE;
				CLANG_WARN_UNREACHABLE_CODE = YES;
				CLANG_WARN__DUPLICATE_METHOD_MATCH = YES;
				COPY_PHASE_STRIP = NO;
				DEBUG_INFORMATION_FORMAT = dwarf;
				ENABLE_STRICT_OBJC_MSGSEND = YES;
				ENABLE_TESTABILITY = YES;
				GCC_C_LANGUAGE_STANDARD = gnu11;
				GCC_DYNAMIC_NO_PIC = NO;
				GCC_NO_COMMON_BLOCKS = YES;
				GCC_OPTIMIZATION_LEVEL = 0;
				GCC_PREPROCESSOR_DEFINITIONS = (
					"DEBUG=1",
					"$(inherited)",
				);
				GCC_WARN_64_TO_32_BIT_CONVERSION = YES;
				GCC_WARN_ABOUT_RETURN_TYPE = YES_ERROR;
				GCC_WARN_UNDECLARED_SELECTOR = YES;
				GCC_WARN_UNINITIALIZED_AUTOS = YES_AGGRESSIVE;
				GCC_WARN_UNUSED_FUNCTION = YES;
				GCC_WARN_UNUSED_VARIABLE = YES;
				IPHONEOS_DEPLOYMENT_TARGET = 15.0;
				MTL_ENABLE_DEBUG_INFO = INCLUDE_SOURCE;
				MTL_FAST_MATH = YES;
				ONLY_ACTIVE_ARCH = YES;
				SDKROOT = iphoneos;
				SWIFT_ACTIVE_COMPILATION_CONDITIONS = DEBUG;
				SWIFT_OPTIMIZATION_LEVEL = "-Onone";
			};
			name = Debug;
		};
		048880B7273522DF0000F1A5 /* Release */ = {
			isa = XCBuildConfiguration;
			buildSettings = {
				ALWAYS_SEARCH_USER_PATHS = NO;
				CLANG_ANALYZER_NONNULL = YES;
				CLANG_ANALYZER_NUMBER_OBJECT_CONVERSION = YES_AGGRESSIVE;
				CLANG_CXX_LANGUAGE_STANDARD = "gnu++17";
				CLANG_CXX_LIBRARY = "libc++";
				CLANG_ENABLE_MODULES = YES;
				CLANG_ENABLE_OBJC_ARC = YES;
				CLANG_ENABLE_OBJC_WEAK = YES;
				CLANG_WARN_BLOCK_CAPTURE_AUTORELEASING = YES;
				CLANG_WARN_BOOL_CONVERSION = YES;
				CLANG_WARN_COMMA = YES;
				CLANG_WARN_CONSTANT_CONVERSION = YES;
				CLANG_WARN_DEPRECATED_OBJC_IMPLEMENTATIONS = YES;
				CLANG_WARN_DIRECT_OBJC_ISA_USAGE = YES_ERROR;
				CLANG_WARN_DOCUMENTATION_COMMENTS = YES;
				CLANG_WARN_EMPTY_BODY = YES;
				CLANG_WARN_ENUM_CONVERSION = YES;
				CLANG_WARN_INFINITE_RECURSION = YES;
				CLANG_WARN_INT_CONVERSION = YES;
				CLANG_WARN_NON_LITERAL_NULL_CONVERSION = YES;
				CLANG_WARN_OBJC_IMPLICIT_RETAIN_SELF = YES;
				CLANG_WARN_OBJC_LITERAL_CONVERSION = YES;
				CLANG_WARN_OBJC_ROOT_CLASS = YES_ERROR;
				CLANG_WARN_QUOTED_INCLUDE_IN_FRAMEWORK_HEADER = YES;
				CLANG_WARN_RANGE_LOOP_ANALYSIS = YES;
				CLANG_WARN_STRICT_PROTOTYPES = YES;
				CLANG_WARN_SUSPICIOUS_MOVE = YES;
				CLANG_WARN_UNGUARDED_AVAILABILITY = YES_AGGRESSIVE;
				CLANG_WARN_UNREACHABLE_CODE = YES;
				CLANG_WARN__DUPLICATE_METHOD_MATCH = YES;
				COPY_PHASE_STRIP = NO;
				DEBUG_INFORMATION_FORMAT = "dwarf-with-dsym";
				ENABLE_NS_ASSERTIONS = NO;
				ENABLE_STRICT_OBJC_MSGSEND = YES;
				GCC_C_LANGUAGE_STANDARD = gnu11;
				GCC_NO_COMMON_BLOCKS = YES;
				GCC_WARN_64_TO_32_BIT_CONVERSION = YES;
				GCC_WARN_ABOUT_RETURN_TYPE = YES_ERROR;
				GCC_WARN_UNDECLARED_SELECTOR = YES;
				GCC_WARN_UNINITIALIZED_AUTOS = YES_AGGRESSIVE;
				GCC_WARN_UNUSED_FUNCTION = YES;
				GCC_WARN_UNUSED_VARIABLE = YES;
				IPHONEOS_DEPLOYMENT_TARGET = 15.0;
				MTL_ENABLE_DEBUG_INFO = NO;
				MTL_FAST_MATH = YES;
				SDKROOT = iphoneos;
				SWIFT_COMPILATION_MODE = wholemodule;
				SWIFT_OPTIMIZATION_LEVEL = "-O";
				VALIDATE_PRODUCT = YES;
			};
			name = Release;
		};
		048880B9273522DF0000F1A5 /* Debug */ = {
			isa = XCBuildConfiguration;
			buildSettings = {
				ASSETCATALOG_COMPILER_APPICON_NAME = AppIcon;
				ASSETCATALOG_COMPILER_GLOBAL_ACCENT_COLOR_NAME = AccentColor;
				CODE_SIGN_STYLE = Automatic;
				CURRENT_PROJECT_VERSION = 1;
				GENERATE_INFOPLIST_FILE = YES;
				INFOPLIST_FILE = "Weather App/Info.plist";
				INFOPLIST_KEY_UIApplicationSupportsIndirectInputEvents = YES;
				INFOPLIST_KEY_UILaunchStoryboardName = LaunchScreen;
				INFOPLIST_KEY_UIMainStoryboardFile = Main;
				INFOPLIST_KEY_UISupportedInterfaceOrientations = UIInterfaceOrientationPortrait;
				INFOPLIST_KEY_UISupportedInterfaceOrientations_iPad = "UIInterfaceOrientationPortrait UIInterfaceOrientationPortraitUpsideDown UIInterfaceOrientationLandscapeLeft UIInterfaceOrientationLandscapeRight";
				INFOPLIST_KEY_UISupportedInterfaceOrientations_iPhone = "UIInterfaceOrientationPortrait UIInterfaceOrientationLandscapeLeft UIInterfaceOrientationLandscapeRight";
				LD_RUNPATH_SEARCH_PATHS = (
					"$(inherited)",
					"@executable_path/Frameworks",
				);
				MARKETING_VERSION = 1.0;
				PRODUCT_BUNDLE_IDENTIFIER = "Usman-Kulaha.Weather-App";
				PRODUCT_NAME = "$(TARGET_NAME)";
				SWIFT_EMIT_LOC_STRINGS = YES;
				SWIFT_VERSION = 5.0;
				TARGETED_DEVICE_FAMILY = "1,2";
			};
			name = Debug;
		};
		048880BA273522DF0000F1A5 /* Release */ = {
			isa = XCBuildConfiguration;
			buildSettings = {
				ASSETCATALOG_COMPILER_APPICON_NAME = AppIcon;
				ASSETCATALOG_COMPILER_GLOBAL_ACCENT_COLOR_NAME = AccentColor;
				CODE_SIGN_STYLE = Automatic;
				CURRENT_PROJECT_VERSION = 1;
				GENERATE_INFOPLIST_FILE = YES;
				INFOPLIST_FILE = "Weather App/Info.plist";
				INFOPLIST_KEY_UIApplicationSupportsIndirectInputEvents = YES;
				INFOPLIST_KEY_UILaunchStoryboardName = LaunchScreen;
				INFOPLIST_KEY_UIMainStoryboardFile = Main;
				INFOPLIST_KEY_UISupportedInterfaceOrientations = UIInterfaceOrientationPortrait;
				INFOPLIST_KEY_UISupportedInterfaceOrientations_iPad = "UIInterfaceOrientationPortrait UIInterfaceOrientationPortraitUpsideDown UIInterfaceOrientationLandscapeLeft UIInterfaceOrientationLandscapeRight";
				INFOPLIST_KEY_UISupportedInterfaceOrientations_iPhone = "UIInterfaceOrientationPortrait UIInterfaceOrientationLandscapeLeft UIInterfaceOrientationLandscapeRight";
				LD_RUNPATH_SEARCH_PATHS = (
					"$(inherited)",
					"@executable_path/Frameworks",
				);
				MARKETING_VERSION = 1.0;
				PRODUCT_BUNDLE_IDENTIFIER = "Usman-Kulaha.Weather-App";
				PRODUCT_NAME = "$(TARGET_NAME)";
				SWIFT_EMIT_LOC_STRINGS = YES;
				SWIFT_VERSION = 5.0;
				TARGETED_DEVICE_FAMILY = "1,2";
			};
			name = Release;
		};
/* End XCBuildConfiguration section */

/* Begin XCConfigurationList section */
		0488809F273522DC0000F1A5 /* Build configuration list for PBXProject "Weather App" */ = {
			isa = XCConfigurationList;
			buildConfigurations = (
				048880B6273522DF0000F1A5 /* Debug */,
				048880B7273522DF0000F1A5 /* Release */,
			);
			defaultConfigurationIsVisible = 0;
			defaultConfigurationName = Release;
		};
		048880B8273522DF0000F1A5 /* Build configuration list for PBXNativeTarget "Weather App" */ = {
			isa = XCConfigurationList;
			buildConfigurations = (
				048880B9273522DF0000F1A5 /* Debug */,
				048880BA273522DF0000F1A5 /* Release */,
			);
			defaultConfigurationIsVisible = 0;
			defaultConfigurationName = Release;
		};
/* End XCConfigurationList section */
	};
	rootObject = 0488809C273522DC0000F1A5 /* Project object */;
}
